
Microsoft Visual Studio Solution File, Format Version 12.00
# Visual Studio Version 17
VisualStudioVersion = 17.4.33015.44
MinimumVisualStudioVersion = 10.0.40219.1
Project("{FAE04EC0-301F-11D3-BF4B-00C04F79EFBC}") = "ModernUI", "ModernUI\ModernUI.csproj", "{D7B4F0BF-2DA6-4AB9-B7D4-A288B4BEE568}"
EndProject
Global
	GlobalSection(SolutionConfigurationPlatforms) = preSolution
		Debug|Any CPU = Debug|Any CPU
		Release|Any CPU = Release|Any CPU
	EndGlobalSection
	GlobalSection(ProjectConfigurationPlatforms) = postSolution
		{D7B4F0BF-2DA6-4AB9-B7D4-A288B4BEE568}.Debug|Any CPU.ActiveCfg = Debug|Any CPU
		{D7B4F0BF-2DA6-4AB9-B7D4-A288B4BEE568}.Debug|Any CPU.Build.0 = Debug|Any CPU
		{D7B4F0BF-2DA6-4AB9-B7D4-A288B4BEE568}.Release|Any CPU.ActiveCfg = Release|Any CPU
		{D7B4F0BF-2DA6-4AB9-B7D4-A288B4BEE568}.Release|Any CPU.Build.0 = Release|Any CPU
	EndGlobalSection
	GlobalSection(SolutionProperties) = preSolution
		HideSolutionNode = FALSE
	EndGlobalSection
	GlobalSection(ExtensibilityGlobals) = postSolution
		SolutionGuid = {74D2BD3B-A35A-4BB6-AAA8-39CBB1BED654}
	EndGlobalSection
EndGlobal
